{
    "_meta": {
        "hash": {
            "sha256": "eccd6a4ddcb0b7d21be7a98d13298ae87cef956fc5baa4c48af55e089f7e18df"
        },
        "pipfile-spec": 6,
        "requires": {
            "python_version": "2.7"
        },
        "sources": [
            {
                "name": "pypi",
                "url": "https://pypi.python.org/simple",
                "verify_ssl": true
            }
        ]
    },
    "default": {
        "amqp": {
            "hashes": [
                "sha256:073dd02fdd73041bffc913b767866015147b61f2a9bc104daef172fc1a0066eb",
                "sha256:eed41946890cd43e8dee44a316b85cf6fee5a1a34bb4a562b660a358eb529e1b"
            ],
            "version": "==2.3.2"
        },
        "appdirs": {
            "hashes": [
                "sha256:9e5896d1372858f8dd3344faf4e5014d21849c756c8d5701f78f8a103b372d92",
                "sha256:d8b24664561d0d34ddfaec54636d502d7cea6e29c3eaf68f3df6180863e2166e"
            ],
            "version": "==1.4.3"
        },
        "attrs": {
            "hashes": [
                "sha256:10cbf6e27dbce8c30807caf056c8eb50917e0eaafe86347671b57254006c3e69",
                "sha256:ca4be454458f9dec299268d472aaa5a11f67a4ff70093396e1ceae9c76cf4bbb"
            ],
            "version": "==18.2.0"
        },
        "billiard": {
            "hashes": [
                "sha256:ed65448da5877b5558f19d2f7f11f8355ea76b3e63e1c0a6059f47cfae5f1c84"
            ],
            "version": "==3.5.0.4"
        },
        "cached-property": {
            "hashes": [
                "sha256:3a026f1a54135677e7da5ce819b0c690f156f37976f3e30c5430740725203d7f",
                "sha256:9217a59f14a5682da7c4b8829deadbfc194ac22e9908ccf7c8820234e80a1504"
            ],
            "version": "==1.5.1"
        },
        "cachetools": {
            "hashes": [
                "sha256:90f1d559512fc073483fe573ef5ceb39bf6ad3d39edc98dc55178a2b2b176fa3",
                "sha256:d1c398969c478d336f767ba02040fa22617333293fb0b8968e79b16028dfee35"
            ],
            "version": "==2.1.0"
        },
        "celery": {
            "hashes": [
                "sha256:77dab4677e24dc654d42dfbdfed65fa760455b6bb563a0877ecc35f4cfcfc678",
                "sha256:ad7a7411772b80a4d6c64f2f7f723200e39fb66cf614a7fdfab76d345acc7b13"
            ],
            "index": "pypi",
            "version": "==4.2.1"
        },
        "certifi": {
            "hashes": [
                "sha256:339dc09518b07e2fa7eda5450740925974815557727d6bd35d319c1524a04a4c",
                "sha256:6d58c986d22b038c8c0df30d639f23a3e6d172a05c3583e766f4c0b785c0986a"
            ],
            "version": "==2018.10.15"
        },
        "chardet": {
            "hashes": [
                "sha256:84ab92ed1c4d4f16916e05906b6b75a6c0fb5db821cc65e70cbd64a3e2a5eaae",
                "sha256:fc323ffcaeaed0e0a02bf4d117757b98aed530d9ed4531e3e15460124c106691"
            ],
            "version": "==3.0.4"
        },
        "defusedxml": {
            "hashes": [
                "sha256:24d7f2f94f7f3cb6061acb215685e5125fbcdc40a857eff9de22518820b0a4f4",
                "sha256:702a91ade2968a82beb0db1e0766a6a273f33d4616a6ce8cde475d8e09853b20"
            ],
            "version": "==0.5.0"
        },
        "dj-pagination": {
            "hashes": [
                "sha256:1de28af33acafe1898e2d9c80a0669b492f582ec711c13864eff00e9b16479b8",
                "sha256:fd89e97fa49a4ec7712926477d255e646213cdb0349a29b73b67510ceae4d44d"
            ],
            "index": "pypi",
            "version": "==2.4.0"
        },
        "django": {
            "hashes": [
                "sha256:0120b3b60760fb0617848b58aaa9702c0bf963320ed472f0879c5c55ab75b64a",
                "sha256:b6f3b864944276b4fd1d099952112696558f78b77b39188ac92b6c5e80152c30"
            ],
            "index": "pypi",
            "version": "==1.11"
        },
        "django-admin-honeypot": {
            "hashes": [
                "sha256:88e72753f5cbda88d909292d9f3fe7741fb74a8afad083f96e86114238f9b364",
                "sha256:e18a52832b82740917737873c6f34117d15631565e9e4b7dbb9df48a29250796"
            ],
            "index": "pypi",
            "version": "==1.1.0"
        },
        "django-celery-beat": {
            "hashes": [
                "sha256:b25bc19a589e2851361408708a2aac43524608dd35b85d34a295f90f873a75e5",
                "sha256:f3be14a02280d9977757acfcc8464d0bb5a24c3ed5fbd88b60ca63bb24fce632"
            ],
            "index": "pypi",
            "version": "==1.2.0"
        },
        "django-celery-results": {
            "hashes": [
                "sha256:8bca2605eeff4418be7ce428a6958d64bee0f5bdf1f8e563fbc09a9e2f3d990f",
                "sha256:dfa240fb535a1a2d01c9e605ad71629909318eae6b893c5009eafd7265fde10b"
            ],
            "index": "pypi",
            "version": "==1.0.1"
        },
        "django-debug-toolbar": {
            "hashes": [
                "sha256:08e0e43f6c1fd9820af4cbdcd54b5fb80bf83a2e08b2cc952547a671174999b8",
                "sha256:1dcae28d430522debafde2602b3450eb784410b78e16c29a00448032df2a4c90"
            ],
            "index": "pypi",
            "version": "==1.10.1"
        },
        "django-dotenv": {
            "hashes": [
                "sha256:3812bb0f4876cf31f902aad140f0645e120e51ee30eb7c40c22050f58a0e4adb",
                "sha256:a9b1b40a70bd321acd231926acedb9bd2c5e873e33a1873b34a7276d196a765e"
            ],
            "index": "pypi",
            "version": "==1.4.2"
        },
        "django-ganalytics": {
            "hashes": [
                "sha256:c4ecefb6a70a90fd18f155235b6f14f1a9af5819dc804b46d16030863e03a746",
                "sha256:d0ff1bf7be452b76e9117427a09f00bc9bcf75c2dada0837673142e3e850b6fa"
            ],
            "index": "pypi",
            "version": "==0.7.0"
        },
        "django-model-utils": {
            "hashes": [
                "sha256:2c057f3bf0859aba27f04389f0cedd2d48f8c9b3848acb86fd9970794e58f477",
                "sha256:8cd377744aa45f9f131d652ec460c57d1aaa88d3e9b586c8e27eb709341b9084"
            ],
            "index": "pypi",
            "version": "==3.1.2"
        },
        "django-ranged-response": {
            "hashes": [
                "sha256:f71fff352a37316b9bead717fc76e4ddd6c9b99c4680cdf4783b9755af1cf985"
            ],
            "version": "==0.2.0"
        },
        "django-simple-captcha": {
            "hashes": [
                "sha256:0c30a14f02502119fd1a4d308dd5d2b899d0f4284825a396bbb010afd904754a",
                "sha256:45fbd67b2f2530b4807254dbfdf73e88087694c16fafa9050dafa9d8d5845c88"
            ],
            "index": "pypi",
            "version": "==0.5.9"
        },
        "django-suit": {
            "git": "https://github.com/darklow/django-suit.git",
            "ref": "v2"
        },
        "django-suit-redactor": {
            "hashes": [
                "sha256:b1f905f08e6c51807d9cea62de49e9b054a3821403c0c881f28612b120632e7d"
            ],
            "index": "pypi",
            "version": "==0.0.4"
        },
        "django-timezone-field": {
            "hashes": [
                "sha256:7d7a37cfeacec5b1e81cd2f0aa334d46ebaa369cd516028579ed343cbc676c38",
                "sha256:d9fdab77c443b78c362ffaeb50fe7d7b54692c89aaae8ca1cae67848139b82ac"
            ],
            "version": "==3.0"
        },
        "djangorestframework": {
            "hashes": [
                "sha256:607865b0bb1598b153793892101d881466bd5a991de12bd6229abb18b1c86136",
                "sha256:63f76cbe1e7d12b94c357d7e54401103b2e52aef0f7c1650d6c820ad708776e5"
            ],
            "index": "pypi",
            "version": "==3.9.0"
        },
        "enum34": {
            "hashes": [
                "sha256:2d81cbbe0e73112bdfe6ef8576f2238f2ba27dd0d55752a776c41d38b7da2850",
                "sha256:644837f692e5f550741432dd3f223bbb9852018674981b1664e5dc339387588a",
                "sha256:6bd0f6ad48ec2aa117d3d141940d484deccda84d4fcd884f5c3d93c23ecd8c79",
                "sha256:8ad8c4783bf61ded74527bffb48ed9b54166685e4230386a9ed9b1279e2df5b1"
            ],
            "index": "pypi",
            "version": "==1.1.6"
        },
        "google-api-python-client": {
            "hashes": [
                "sha256:5d5cb02c6f3112c68eed51b74891a49c0e35263380672d662f8bfe85b8114d7c",
                "sha256:7cc47cf80b25ecd7f3d917ea247bb6c62587514e40604ae29c47c0e4ebd1174b"
            ],
            "index": "pypi",
            "version": "==1.7.4"
        },
        "google-auth": {
            "hashes": [
                "sha256:9ca363facbf2622d9ba828017536ccca2e0f58bd15e659b52f312172f8815530",
                "sha256:a4cf9e803f2176b5de442763bd339b313d3f1ed3002e3e1eb6eec1d7c9bbc9b4"
            ],
            "version": "==1.5.1"
        },
        "google-auth-httplib2": {
            "hashes": [
                "sha256:098fade613c25b4527b2c08fa42d11f3c2037dda8995d86de0745228e965d445",
                "sha256:f1c437842155680cf9918df9bc51c1182fda41feef88c34004bd1978c8157e08"
            ],
            "version": "==0.0.3"
        },
        "gunicorn": {
            "hashes": [
                "sha256:aa8e0b40b4157b36a5df5e599f45c9c76d6af43845ba3b3b0efe2c70473c2471",
                "sha256:fa2662097c66f920f53f70621c6c58ca4a3c4d3434205e608e121b5b3b71f4f3"
            ],
            "index": "pypi",
            "version": "==19.9.0"
        },
        "httplib2": {
            "hashes": [
                "sha256:e71daed9a0e6373642db61166fa70beecc9bf04383477f84671348c02a04cbdf"
            ],
            "version": "==0.11.3"
        },
        "idna": {
            "hashes": [
                "sha256:156a6814fb5ac1fc6850fb002e0852d56c0c8d2531923a51032d1b70760e186e",
                "sha256:684a38a6f903c1d71d6d5fac066b58d7768af4de2b832e426ec79c30daa94a16"
            ],
            "version": "==2.7"
        },
        "isodate": {
            "hashes": [
                "sha256:2e364a3d5759479cdb2d37cce6b9376ea504db2ff90252a2e5b7cc89cc9ff2d8",
                "sha256:aa4d33c06640f5352aca96e4b81afd8ab3b47337cc12089822d6f322ac772c81"
            ],
            "version": "==0.6.0"
        },
        "kombu": {
            "hashes": [
                "sha256:86adec6c60f63124e2082ea8481bbe4ebe04fde8ebed32c177c7f0cd2c1c9082",
                "sha256:b274db3a4eacc4789aeb24e1de3e460586db7c4fc8610f7adcc7a3a1709a60af"
            ],
            "version": "==4.2.1"
        },
        "lxml": {
            "hashes": [
                "sha256:02bc220d61f46e9b9d5a53c361ef95e9f5e1d27171cd461dddb17677ae2289a5",
                "sha256:22f253b542a342755f6cfc047fe4d3a296515cf9b542bc6e261af45a80b8caf6",
                "sha256:2f31145c7ff665b330919bfa44aacd3a0211a76ca7e7b441039d2a0b0451e415",
                "sha256:36720698c29e7a9626a0dc802ef8885f8f0239bfd1689628ecd459a061f2807f",
                "sha256:438a1b0203545521f6616132bfe0f4bca86f8a401364008b30e2b26ec408ce85",
                "sha256:4815892904c336bbaf73dafd54f45f69f4021c22b5bad7332176bbf4fb830568",
                "sha256:5be031b0f15ad63910d8e5038b489d95a79929513b3634ad4babf77100602588",
                "sha256:5c93ae37c3c588e829b037fdfbd64a6e40c901d3f93f7beed6d724c44829a3ad",
                "sha256:60842230678674cdac4a1cf0f707ef12d75b9a4fc4a565add4f710b5fcf185d5",
                "sha256:62939a8bb6758d1bf923aa1c13f0bcfa9bf5b2fc0f5fa917a6e25db5fe0cfa4e",
                "sha256:75830c06a62fe7b8fe3bbb5f269f0b308f19f3949ac81cfd40062f47c1455faf",
                "sha256:81992565b74332c7c1aff6a913a3e906771aa81c9d0c68c68113cffcae45bc53",
                "sha256:8c892fb0ee52c594d9a7751c7d7356056a9682674b92cc1c4dc968ff0f30c52f",
                "sha256:9d862e3cf4fc1f2837dedce9c42269c8c76d027e49820a548ac89fdcee1e361f",
                "sha256:a623965c086a6e91bb703d4da62dabe59fe88888e82c4117d544e11fd74835d6",
                "sha256:a7783ab7f6a508b0510490cef9f857b763d796ba7476d9703f89722928d1e113",
                "sha256:aab09fbe8abfa3b9ce62aaf45aca2d28726b1b9ee44871dbe644050a2fff4940",
                "sha256:abf181934ac3ef193832fb973fd7f6149b5c531903c2ec0f1220941d73eee601",
                "sha256:ae07fa0c115733fce1e9da96a3ac3fa24801742ca17e917e0c79d63a01eeb843",
                "sha256:b9c78242219f674ab645ec571c9a95d70f381319a23911941cd2358a8e0521cf",
                "sha256:bccb267678b870d9782c3b44d0cefe3ba0e329f9af8c946d32bf3778e7a4f271",
                "sha256:c4df4d27f4c93b2cef74579f00b1d3a31a929c7d8023f870c4b476f03a274db4",
                "sha256:caf0e50b546bb60dfa99bb18dfa6748458a83131ecdceaf5c071d74907e7e78a",
                "sha256:d3266bd3ac59ac4edcd5fa75165dee80b94a3e5c91049df5f7c057ccf097551c",
                "sha256:db0d213987bcd4e6d41710fb4532b22315b0d8fb439ff901782234456556aed1",
                "sha256:dbbd5cf7690a40a9f0a9325ab480d0fccf46d16b378eefc08e195d84299bfae1",
                "sha256:e16e07a0ec3a75b5ee61f2b1003c35696738f937dc8148fbda9fe2147ccb6e61",
                "sha256:e175a006725c7faadbe69e791877d09936c0ef2cf49d01b60a6c1efcb0e8be6f",
                "sha256:edd9c13a97f6550f9da2236126bb51c092b3b1ce6187f2bd966533ad794bbb5e",
                "sha256:fa39ea60d527fbdd94215b5e5552f1c6a912624521093f1384a491a8ad89ad8b"
            ],
            "version": "==4.2.5"
        },
        "mysql-python": {
            "hashes": [
                "sha256:811040b647e5d5686f84db415efd697e6250008b112b6909ba77ac059e140c74",
                "sha256:ab22d1322099098730a57fd59d610f60738f95a1cb68dacca2d1c47cb0cbe8ee"
            ],
            "index": "pypi",
            "version": "==1.2.5"
        },
        "oauth2client": {
            "hashes": [
                "sha256:b8a81cc5d60e2d364f0b1b98f958dbd472887acaf1a5b05e21c28c31a2d6d3ac",
                "sha256:d486741e451287f69568a4d26d70d9acd73a2bbfa275746c535b4209891cccc6"
            ],
            "index": "pypi",
            "version": "==4.1.3"
        },
        "pathlib": {
            "hashes": [
                "sha256:6940718dfc3eff4258203ad5021090933e5c04707d5ca8cc9e73c94a7894ea9f"
            ],
            "index": "pypi",
            "version": "==1.0.1"
        },
        "pillow": {
            "hashes": [
                "sha256:00203f406818c3f45d47bb8fe7e67d3feddb8dcbbd45a289a1de7dd789226360",
                "sha256:0616f800f348664e694dddb0b0c88d26761dd5e9f34e1ed7b7a7d2da14b40cb7",
                "sha256:091136f2a37e9ed6bd8ce96fbf5269199ba6edee490d64de7ac934316f31ecca",
                "sha256:0d67ae9a5937b1348fa1d97c7dcb6b56aaef828ca6655298e96f2f3114ad829d",
                "sha256:0e1aaddd00ee9014fe7a61b9da61427233fcd7c7f193b5efd6689e0ec36bc42f",
                "sha256:1f7908aab90c92ad85af9d2fec5fc79456a89b3adcc26314d2cde0e238bd789e",
                "sha256:2ea3517cd5779843de8a759c2349a3cd8d3893e03ab47053b66d5ec6f8bc4f93",
                "sha256:39b662f65a067709a62943003c1e807d140e7fcf631fcfc66ebe905f8149b9f4",
                "sha256:3ddc19447cf42ef3ec564ab7ebbd4f67838ba9816d739befe29dd70149c775bd",
                "sha256:48a9f0538c91fc136b3a576bee0e7cd174773dc9920b310c21dcb5519722e82c",
                "sha256:5280ebc42641a1283b7b1f2c20e5b936692198b9dd9995527c18b794850be1a8",
                "sha256:576a8a7a57065dab968d9d18befa2594a7673dcdab78c9b1f34248410cc6118f",
                "sha256:5e334a23c8f7cb6079987a2ed9978821a42b4323a3a3bdbc132945348737f9a9",
                "sha256:5e34e4b5764af65551647f5cc67cf5198c1d05621781d5173b342e5e55bf023b",
                "sha256:63b120421ab85cad909792583f83b6ca3584610c2fe70751e23f606a3c2e87f0",
                "sha256:696b5e0109fe368d0057f484e2e91717b49a03f1e310f857f133a4acec9f91dd",
                "sha256:6cb528de694f503ea164541c151da6c18267727a7558e0c9716cc0383d89658a",
                "sha256:7306d851d5a0cfac9ea07f1177783836f4b37292e5f224a534a52111cb6a6451",
                "sha256:7e3e32346d991f1788026917d0a9c182d6d32dc757163eee7ca990f1f831499e",
                "sha256:870ed021a42b1b02b5fe4a739ea735f671a84128c0a666c705db2cb9abd528eb",
                "sha256:916da1c19e4012d06a372127d7140dae894806fad67ef44330e5600d77833581",
                "sha256:9303a289fa0811e1c6abd9ddebfc770556d7c3311cb2b32eff72164ddc49bc64",
                "sha256:9577888ecc0ad7d06c3746afaba339c94d62b59da16f7a5d1cff9e491f23dace",
                "sha256:987e1c94a33c93d9b209315bfda9faa54b8edfce6438a1e93ae866ba20de5956",
                "sha256:99a3bbdbb844f4fb5d6dd59fac836a40749781c1fa63c563bc216c27aef63f60",
                "sha256:99db8dc3097ceafbcff9cb2bff384b974795edeb11d167d391a02c7bfeeb6e16",
                "sha256:a379526415f54f9462bc65a4da76fb0acc05e3b2a21717dde79621cf4377e0e6",
                "sha256:a5a96cf49eb580756a44ecf12949e52f211e20bffbf5a95760ac14b1e499cd37",
                "sha256:a844b5d8120f99fb7cd276ff544ac5bd562b0c053760d59694e6bf747c6ca7f5",
                "sha256:a9284368e81a67a7f47d5ef1ef7e4f11a4f688485879f44cf5f9090bba1f9d94",
                "sha256:aa6ca3eb56704cdc0d876fc6047ffd5ee960caad52452fbee0f99908a141a0ae",
                "sha256:aade5e66795c94e4a2b2624affeea8979648d1b0ae3fcee17e74e2c647fc4a8a",
                "sha256:b78905860336c1d292409e3df6ad39cc1f1c7f0964e66844bbc2ebfca434d073",
                "sha256:b92f521cdc4e4a3041cc343625b699f20b0b5f976793fb45681aac1efda565f8",
                "sha256:bb2baf44e97811687893873eab8cf9f18b40321cc15d15ff9f91dc031e30631f",
                "sha256:bfde84bbd6ae5f782206d454b67b7ee8f7f818c29b99fd02bf022fd33bab14cb",
                "sha256:c2b62d3df80e694c0e4a0ed47754c9480521e25642251b3ab1dff050a4e60409",
                "sha256:c55d348c1c65896c1bd804527de4880d251ae832acf90d74ad525bb79e77d55c",
                "sha256:c5e2be6c263b64f6f7656e23e18a4a9980cffc671442795682e8c4e4f815dd9f",
                "sha256:c99aa3c63104e0818ec566f8ff3942fb7c7a8f35f9912cb63fd8e12318b214b2",
                "sha256:dae06620d3978da346375ebf88b9e2dd7d151335ba668c995aea9ed07af7add4",
                "sha256:db5499d0710823fa4fb88206050d46544e8f0e0136a9a5f5570b026584c8fd74",
                "sha256:dcd3cd17d291e01e47636101c4a6638ffb44c842d009973e3b5c1b67ff718c58",
                "sha256:f12df6b45abc18f27f6e21ce26f7cbf7aa19820911462e46536e22085658ca1e",
                "sha256:f36baafd82119c4a114b9518202f2a983819101dcc14b26e43fc12cbefdce00e",
                "sha256:f52b79c8796d81391ab295b04e520bda6feed54d54931708872e8f9ae9db0ea1",
                "sha256:fa2a50f762d06d84125db0b95d0121e9c640afa7edc23fc0848896760a390f8e",
                "sha256:fa49bb60792b542b95ca93a39041e7113843093ce3cfd216870118eb3798fcc9",
                "sha256:ff8cff01582fa1a7e533cb97f628531c4014af4b5f38e33cdcfe5eec29b6d888",
                "sha256:ffbccfe1c077b5f41738bd719518213c217be7a7a12a7e74113d05a0d6617390"
            ],
            "index": "pypi",
            "version": "==5.3.0"
        },
        "pyasn1": {
            "hashes": [
                "sha256:0ad0fe0593dde1e599cac0bf65bb1a4ec663032f0bc68ee44850db4251e8c501",
                "sha256:13794d835643ee970b2c059dbfe4eb5d751e16c693c8baee61c526abd209e5c7",
                "sha256:49a8ed515f26913049113820b462f698e6ed26df62c389dafb6fa3685ddca8de",
                "sha256:74ac8521a0480f228549be20bea555ae35678f0e754c2fbc6f1576b0959bec43",
                "sha256:89399ca8ecd4524f974e926d4ef9e7a787903e01f0a9cdff3131ad1361792fe5",
                "sha256:8f291e0338d519a1a0d07f0b9d03c9265f6be26eb32fdd21af6d3259d14ea49c",
                "sha256:b9d3abc5031e61927c82d4d96c1cec1e55676c1a991623cfed28faea73cdd7ca",
                "sha256:d3bbd726c1a760d4ca596a4d450c380b81737612fe0182f5bb3caebc17461fd9",
                "sha256:dea873d6c907c1cf1341fd88742a61efce33227d7743cb37564ab7d7e77dd9fd",
                "sha256:ded5eea5cb88bc1ce9aa074b5a3092f95ce4741887e317e9b49c7ece75d7ea0e",
                "sha256:e8b69ea2200d42201cbedd486eedb8980f320d4534f83ce2fb468e96aa5545d0",
                "sha256:edad117649643230493aeb4955456ce19ab4b12e94489dde6f7094cdb5a3c87e",
                "sha256:f58f2a3d12fd754aa123e9fa74fb7345333000a035f3921dbdaa08597aa53137"
            ],
            "version": "==0.4.4"
        },
        "pyasn1-modules": {
            "hashes": [
                "sha256:077250b34432520430bc1c80dcbda4e354090785567c33ded35faa6df8d24753",
                "sha256:0da2f947e8ad2697e86fe5fd0e55a4093a2fd79d839c9e19c34e28097db7002c",
                "sha256:35ff894a0b5df8e28b700126b2869c7dcfb2b2db5bc82e5d5e82547069241553",
                "sha256:44688b94841349648b1e1a5a7a3d96e6596d5d4f21d0b59a82307e153c4dc74b",
                "sha256:833716dde880a7f2f2ccdeea9a096842626981ff2a477d8b318c0906367ac11b",
                "sha256:a0cf3e1842e7c60fde97cb22d275eb6f9524f5c5250489e292529de841417547",
                "sha256:a38a8811ea784c0136abfdba73963876328f66172db21a05a82f9515909bfb4e",
                "sha256:a728bb9502d1fdc104c66f24a176b6a70a32e89d1d8a5b55c959233ed51c67be",
                "sha256:c30a098435ea0989c37005a971843e9d3966c7f6d056ddbf052e5061c06e3291",
                "sha256:c355a45b32c5bc1d9893eceb704b0cfcd1126f91b5a7b9ee64c1c05383283381",
                "sha256:e64679de1940f41ead5170fce364d54e7b9e2e862f064727b6bcb5cee753b7a2",
                "sha256:ed71d20225c356881c29f0b1d7a0d6521563a389d9478e8f95d798cc5ba07b88",
                "sha256:f183f0940b9f5ed2ad9d04c80cab2451440fa9af4fc959d85113fadd2e777962"
            ],
            "version": "==0.2.2"
        },
        "python-crontab": {
            "hashes": [
                "sha256:d28583dc5b2f37f707ad37221f390933cc24ee4f350a641fdc3cf84ba22a9dec"
            ],
            "version": "==2.3.5"
        },
        "python-dateutil": {
            "hashes": [
                "sha256:1adb80e7a782c12e52ef9a8182bebeb73f1d7e24e374397af06fb4956c8dc5c0",
                "sha256:e27001de32f627c22380a688bcc43ce83504a7bc5da472209b4c70f02829f0b8"
            ],
            "version": "==2.7.3"
        },
        "pytz": {
            "hashes": [
                "sha256:a061aa0a9e06881eb8b3b2b43f05b9439d6583c206d0a6c340ff72a7b6669053",
                "sha256:ffb9ef1de172603304d9d2819af6f5ece76f2e85ec10692a524dd876e72bf277"
            ],
            "version": "==2018.5"
        },
        "redis": {
            "hashes": [
                "sha256:8a1900a9f2a0a44ecf6e8b5eb3e967a9909dfed219ad66df094f27f7d6f330fb",
                "sha256:a22ca993cea2962dbb588f9f30d0015ac4afcc45bee27d3978c0dbe9e97c6c0f"
            ],
            "index": "pypi",
            "version": "==2.10.6"
        },
        "requests": {
            "hashes": [
                "sha256:99dcfdaaeb17caf6e526f32b6a7b780461512ab3f1d992187801694cba42770c",
                "sha256:a84b8c9ab6239b578f22d1c21d51b696dcfe004032bb80ea832398d6909d7279"
            ],
            "version": "==2.20.0"
        },
        "requests-toolbelt": {
            "hashes": [
                "sha256:42c9c170abc2cacb78b8ab23ac957945c7716249206f90874651971a4acff237",
                "sha256:f6a531936c6fa4c6cfce1b9c10d5c4f498d16528d2a54a22ca00011205a187b5"
            ],
            "version": "==0.8.0"
        },
        "rsa": {
            "hashes": [
                "sha256:14ba45700ff1ec9eeb206a2ce76b32814958a98e372006c8fb76ba820211be66",
                "sha256:1a836406405730121ae9823e19c6e806c62bbad73f890574fff50efa4122c487"
            ],
            "version": "==4.0"
        },
        "six": {
            "hashes": [
                "sha256:70e8a77beed4562e7f14fe23a786b54f6296e34344c23bc42f07b15018ff98e9",
                "sha256:832dc0e10feb1aa2c68dcc57dbb658f1c7e65b9b61af69048abc87a2db00a0eb"
            ],
            "version": "==1.11.0"
        },
        "sqlparse": {
            "hashes": [
                "sha256:ce028444cfab83be538752a2ffdb56bc417b7784ff35bb9a3062413717807dec",
                "sha256:d9cf190f51cbb26da0412247dfe4fb5f4098edb73db84e02f9fc21fdca31fed4"
            ],
            "version": "==0.2.4"
        },
        "uritemplate": {
            "hashes": [
                "sha256:01c69f4fe8ed503b2951bef85d996a9d22434d2431584b5b107b2981ff416fbd",
                "sha256:1b9c467a940ce9fb9f50df819e8ddd14696f89b9a8cc87ac77952ba416e0a8fd",
                "sha256:c02643cebe23fc8adb5e6becffe201185bf06c40bda5c0b4028a93f1527d011d"
            ],
            "version": "==3.0.0"
        },
        "urllib3": {
            "hashes": [
                "sha256:41c3db2fc01e5b907288010dec72f9d0a74e37d6994e6eb56849f59fea2265ae",
                "sha256:8819bba37a02d143296a4d032373c4dd4aca11f6d4c9973335ca75f9c8475f59"
            ],
            "version": "==1.24"
        },
        "vine": {
            "hashes": [
                "sha256:52116d59bc45392af9fdd3b75ed98ae48a93e822cee21e5fda249105c59a7a72",
                "sha256:6849544be74ec3638e84d90bc1cf2e1e9224cc10d96cd4383ec3f69e9bce077b"
            ],
            "version": "==1.1.4"
        },
        "whitenoise": {
            "hashes": [
                "sha256:133a92ff0ab8fb9509f77d4f7d0de493eca19c6fea973f4195d4184f888f2e02",
                "sha256:32b57d193478908a48acb66bf73e7a3c18679263e3e64bfebcfac1144a430039"
            ],
            "index": "pypi",
            "version": "==4.1"
        },
        "zeep": {
            "hashes": [
                "sha256:a92648564e42170002e094447224169712a311f46e7db76c48a50f811ee902a8",
                "sha256:b2d96881689c3f29e8ea5c8c6abb2b17fb0f470deee15d0d7bec4e74592850f6"
            ],
            "index": "pypi",
            "version": "==3.1.0"
        }
    },
    "develop": {}
}
